
Microsoft Visual Studio Solution File, Format Version 12.00
# Visual Studio Version 17
VisualStudioVersion = 17.0.31903.59
MinimumVisualStudioVersion = 10.0.40219.1
Project("{FAE04EC0-301F-11D3-BF4B-00C04F79EFBC}") = "HashesReceiver", "HashesReceiver\HashesReceiver.csproj", "{C7DBA503-1459-4230-9B40-D7E9715A69F3}"
EndProject
Project("{FAE04EC0-301F-11D3-BF4B-00C04F79EFBC}") = "HashesWebAPI", "HashesWebAPI\HashesWebAPI.csproj", "{B3D922F6-8B1D-4893-8D24-776297AEDA84}"
EndProject
Global
	GlobalSection(SolutionConfigurationPlatforms) = preSolution
		Debug|Any CPU = Debug|Any CPU
		Release|Any CPU = Release|Any CPU
	EndGlobalSection
	GlobalSection(SolutionProperties) = preSolution
		HideSolutionNode = FALSE
	EndGlobalSection
	GlobalSection(ProjectConfigurationPlatforms) = postSolution
		{C7DBA503-1459-4230-9B40-D7E9715A69F3}.Debug|Any CPU.ActiveCfg = Debug|Any CPU
		{C7DBA503-1459-4230-9B40-D7E9715A69F3}.Debug|Any CPU.Build.0 = Debug|Any CPU
		{C7DBA503-1459-4230-9B40-D7E9715A69F3}.Release|Any CPU.ActiveCfg = Release|Any CPU
		{C7DBA503-1459-4230-9B40-D7E9715A69F3}.Release|Any CPU.Build.0 = Release|Any CPU
		{B3D922F6-8B1D-4893-8D24-776297AEDA84}.Debug|Any CPU.ActiveCfg = Debug|Any CPU
		{B3D922F6-8B1D-4893-8D24-776297AEDA84}.Debug|Any CPU.Build.0 = Debug|Any CPU
		{B3D922F6-8B1D-4893-8D24-776297AEDA84}.Release|Any CPU.ActiveCfg = Release|Any CPU
		{B3D922F6-8B1D-4893-8D24-776297AEDA84}.Release|Any CPU.Build.0 = Release|Any CPU
	EndGlobalSection
EndGlobal
